
Microsoft Visual Studio Solution File, Format Version 12.00
# Visual Studio 15
VisualStudioVersion = 15.0.27703.2018
MinimumVisualStudioVersion = 10.0.40219.1
Project("{FAE04EC0-301F-11D3-BF4B-00C04F79EFBC}") = "dmr-webservice", "dmr-webservice\dmr-webservice.csproj", "{383C2D44-B413-48E1-B1DD-DCA08DC2BAAB}"
EndProject
Project("{2150E333-8FDC-42A3-9474-1A3956D46DE8}") = "Solution Items", "Solution Items", "{DABD6928-2AA6-4D27-A248-0B947DC10C03}"
	ProjectSection(SolutionItems) = preProject
		..\LICENSE = ..\LICENSE
		..\README.md = ..\README.md
	EndProjectSection
EndProject
Global
	GlobalSection(SolutionConfigurationPlatforms) = preSolution
		Debug|Any CPU = Debug|Any CPU
		Release|Any CPU = Release|Any CPU
	EndGlobalSection
	GlobalSection(ProjectConfigurationPlatforms) = postSolution
		{383C2D44-B413-48E1-B1DD-DCA08DC2BAAB}.Debug|Any CPU.ActiveCfg = Debug|Any CPU
		{383C2D44-B413-48E1-B1DD-DCA08DC2BAAB}.Debug|Any CPU.Build.0 = Debug|Any CPU
		{383C2D44-B413-48E1-B1DD-DCA08DC2BAAB}.Release|Any CPU.ActiveCfg = Release|Any CPU
		{383C2D44-B413-48E1-B1DD-DCA08DC2BAAB}.Release|Any CPU.Build.0 = Release|Any CPU
	EndGlobalSection
	GlobalSection(SolutionProperties) = preSolution
		HideSolutionNode = FALSE
	EndGlobalSection
	GlobalSection(ExtensibilityGlobals) = postSolution
		SolutionGuid = {7AAD7103-8C16-4983-A7D0-3473CE4B2438}
	EndGlobalSection
EndGlobal
